
Microsoft Visual Studio Solution File, Format Version 12.00
# Visual Studio Version 16
VisualStudioVersion = 16.0.30523.141
MinimumVisualStudioVersion = 10.0.40219.1
Project("{9A19103F-16F7-4668-BE54-9A1E7A4F7556}") = "CR.CricketerRanking", "CR.CricketerRanking\CR.CricketerRanking.csproj", "{FD74F8C7-615A-4690-8AB9-4EE68369E899}"
EndProject
Project("{9A19103F-16F7-4668-BE54-9A1E7A4F7556}") = "CR.CricketerRanking.Data", "CR.CricketerRanking.Data\CR.CricketerRanking.Data.csproj", "{DAE8CC68-C681-4C3D-B5B6-FF89FEE108CA}"
EndProject
Project("{9A19103F-16F7-4668-BE54-9A1E7A4F7556}") = "CR.CricketerRanking.Type", "CR.CricketerRanking.Type\CR.CricketerRanking.Type.csproj", "{5A2941BE-99F7-4548-9A15-629D6F233EE6}"
EndProject
Project("{9A19103F-16F7-4668-BE54-9A1E7A4F7556}") = "CR.CricketerRanking.Common", "CR.CricketerRanking.Common\CR.CricketerRanking.Common.csproj", "{42BE37AA-151E-417B-A16D-1BDBE75378BA}"
EndProject
Project("{9A19103F-16F7-4668-BE54-9A1E7A4F7556}") = "CR.CricketerRanking.Service", "CR.CricketerRanking.Service\CR.CricketerRanking.Service.csproj", "{360ACD01-BC5C-48FE-A823-C13FD0E90219}"
EndProject
Global
	GlobalSection(SolutionConfigurationPlatforms) = preSolution
		Debug|Any CPU = Debug|Any CPU
		Release|Any CPU = Release|Any CPU
	EndGlobalSection
	GlobalSection(ProjectConfigurationPlatforms) = postSolution
		{FD74F8C7-615A-4690-8AB9-4EE68369E899}.Debug|Any CPU.ActiveCfg = Debug|Any CPU
		{FD74F8C7-615A-4690-8AB9-4EE68369E899}.Debug|Any CPU.Build.0 = Debug|Any CPU
		{FD74F8C7-615A-4690-8AB9-4EE68369E899}.Release|Any CPU.ActiveCfg = Release|Any CPU
		{FD74F8C7-615A-4690-8AB9-4EE68369E899}.Release|Any CPU.Build.0 = Release|Any CPU
		{DAE8CC68-C681-4C3D-B5B6-FF89FEE108CA}.Debug|Any CPU.ActiveCfg = Debug|Any CPU
		{DAE8CC68-C681-4C3D-B5B6-FF89FEE108CA}.Debug|Any CPU.Build.0 = Debug|Any CPU
		{DAE8CC68-C681-4C3D-B5B6-FF89FEE108CA}.Release|Any CPU.ActiveCfg = Release|Any CPU
		{DAE8CC68-C681-4C3D-B5B6-FF89FEE108CA}.Release|Any CPU.Build.0 = Release|Any CPU
		{5A2941BE-99F7-4548-9A15-629D6F233EE6}.Debug|Any CPU.ActiveCfg = Debug|Any CPU
		{5A2941BE-99F7-4548-9A15-629D6F233EE6}.Debug|Any CPU.Build.0 = Debug|Any CPU
		{5A2941BE-99F7-4548-9A15-629D6F233EE6}.Release|Any CPU.ActiveCfg = Release|Any CPU
		{5A2941BE-99F7-4548-9A15-629D6F233EE6}.Release|Any CPU.Build.0 = Release|Any CPU
		{42BE37AA-151E-417B-A16D-1BDBE75378BA}.Debug|Any CPU.ActiveCfg = Debug|Any CPU
		{42BE37AA-151E-417B-A16D-1BDBE75378BA}.Debug|Any CPU.Build.0 = Debug|Any CPU
		{42BE37AA-151E-417B-A16D-1BDBE75378BA}.Release|Any CPU.ActiveCfg = Release|Any CPU
		{42BE37AA-151E-417B-A16D-1BDBE75378BA}.Release|Any CPU.Build.0 = Release|Any CPU
		{360ACD01-BC5C-48FE-A823-C13FD0E90219}.Debug|Any CPU.ActiveCfg = Debug|Any CPU
		{360ACD01-BC5C-48FE-A823-C13FD0E90219}.Debug|Any CPU.Build.0 = Debug|Any CPU
		{360ACD01-BC5C-48FE-A823-C13FD0E90219}.Release|Any CPU.ActiveCfg = Release|Any CPU
		{360ACD01-BC5C-48FE-A823-C13FD0E90219}.Release|Any CPU.Build.0 = Release|Any CPU
	EndGlobalSection
	GlobalSection(SolutionProperties) = preSolution
		HideSolutionNode = FALSE
	EndGlobalSection
	GlobalSection(ExtensibilityGlobals) = postSolution
		SolutionGuid = {3F696D06-4BB1-4080-A84A-F4DB4CDB1A4E}
	EndGlobalSection
EndGlobal
